
Microsoft Visual Studio Solution File, Format Version 12.00
# Visual Studio 15
VisualStudioVersion = 15.0.27130.2024
MinimumVisualStudioVersion = 10.0.40219.1
Project("{FAE04EC0-301F-11D3-BF4B-00C04F79EFBC}") = "Timelogger", "Timelogger\Timelogger.csproj", "{CE785E46-97DD-4C81-922C-DCEE1E3FF058}"
EndProject
Global
	GlobalSection(SolutionConfigurationPlatforms) = preSolution
		Debug|Any CPU = Debug|Any CPU
		Release|Any CPU = Release|Any CPU
	EndGlobalSection
	GlobalSection(ProjectConfigurationPlatforms) = postSolution
		{CE785E46-97DD-4C81-922C-DCEE1E3FF058}.Debug|Any CPU.ActiveCfg = Debug|Any CPU
		{CE785E46-97DD-4C81-922C-DCEE1E3FF058}.Debug|Any CPU.Build.0 = Debug|Any CPU
		{CE785E46-97DD-4C81-922C-DCEE1E3FF058}.Release|Any CPU.ActiveCfg = Release|Any CPU
		{CE785E46-97DD-4C81-922C-DCEE1E3FF058}.Release|Any CPU.Build.0 = Release|Any CPU
	EndGlobalSection
	GlobalSection(SolutionProperties) = preSolution
		HideSolutionNode = FALSE
	EndGlobalSection
	GlobalSection(ExtensibilityGlobals) = postSolution
		SolutionGuid = {74662620-5CF1-45A8-9606-A696D245B4E5}
	EndGlobalSection
EndGlobal
